{
  "name": "spellcast",
  "version": "0.50.0",
  "lockfileVersion": 1,
  "requires": true,
  "dependencies": {
    "@cronvel/get-pixels": {
      "version": "3.4.0",
      "resolved": "https://registry.npmjs.org/@cronvel/get-pixels/-/get-pixels-3.4.0.tgz",
      "integrity": "sha512-do5jDoX9oCR/dGHE4POVQ3PYDCmQ2Fow4CA72UL4WoE8zUImA/0lChczjfl+ucNjE4sXFWUnzoO6j4WzrUvLnw==",
      "requires": {
        "jpeg-js": "^0.4.1",
        "ndarray": "^1.0.19",
        "ndarray-pack": "^1.1.1",
        "node-bitmap": "0.0.1",
        "omggif": "^1.0.10",
        "pngjs": "^5.0.0"
      }
    },
    "@cronvel/minimatch": {
      "version": "3.0.2",
      "resolved": "https://registry.npmjs.org/@cronvel/minimatch/-/minimatch-3.0.2.tgz",
      "integrity": "sha1-rrHsaY0LBIfTtnWAq8aPGp5Yaik=",
      "requires": {
        "brace-expansion": "^1.0.0"
      }
    },
    "@cronvel/xmldom": {
      "version": "0.1.31",
      "resolved": "https://registry.npmjs.org/@cronvel/xmldom/-/xmldom-0.1.31.tgz",
      "integrity": "sha512-pyj7IG2xgWfrS6/ClKaT4B3qLfOqg7/h28d/H5mDZ7408OsxwYjBXVjOG4VYutxY4Xt+YF7BSPk+R3buJyyXDQ==",
      "requires": {
        "nwmatcher": "^1.4.4",
        "string-kit": "^0.9.1"
      },
      "dependencies": {
        "string-kit": {
          "version": "0.9.12",
          "resolved": "https://registry.npmjs.org/string-kit/-/string-kit-0.9.12.tgz",
          "integrity": "sha512-l6BRL9uO4uV1o6/r/mJthahp8qatqGv4l6Z2o2mX+y2VYc7gFb2YD0k3zThvw3BATj/nDvLTB1s167vc2JdeDg=="
        }
      }
    },
    "abbrev": {
      "version": "1.1.1",
      "resolved": "https://registry.npmjs.org/abbrev/-/abbrev-1.1.1.tgz",
      "integrity": "sha512-nne9/IiQ/hzIhY6pdDnbBtz7DjPTKrY00P/zvPSm5pOFkl6xuGrGnXn/VtTNNfNtAfZ9/1RtehkszU9qcTii0Q=="
    },
    "babel-tower": {
      "version": "0.20.1",
      "resolved": "https://registry.npmjs.org/babel-tower/-/babel-tower-0.20.1.tgz",
      "integrity": "sha512-quKCI5UaHu86v5bSdVm6DsDfS7BpOOPvMRhiVqTxT/621pzEMHOI1W8uYYkzmaor1Q5prIpqdhmVmmB5XjLYDg==",
      "requires": {
        "kung-fig-ref": "^0.42.9",
        "string-kit": "^0.11.7"
      }
    },
    "balanced-match": {
      "version": "1.0.0",
      "resolved": "https://registry.npmjs.org/balanced-match/-/balanced-match-1.0.0.tgz",
      "integrity": "sha1-ibTRmasr7kneFk6gK4nORi1xt2c="
    },
    "brace-expansion": {
      "version": "1.1.8",
      "resolved": "https://registry.npmjs.org/brace-expansion/-/brace-expansion-1.1.8.tgz",
      "integrity": "sha1-wHshHHyVLsH479Uad+8NHTmQopI=",
      "requires": {
        "balanced-match": "^1.0.0",
        "concat-map": "0.0.1"
      }
    },
    "chroma-js": {
      "version": "2.1.0",
      "resolved": "https://registry.npmjs.org/chroma-js/-/chroma-js-2.1.0.tgz",
      "integrity": "sha512-uiRdh4ZZy+UTPSrAdp8hqEdVb1EllLtTHOt5TMaOjJUvi+O54/83Fc5K2ld1P+TJX+dw5B+8/sCgzI6eaur/lg==",
      "requires": {
        "cross-env": "^6.0.3"
      }
    },
    "concat-map": {
      "version": "0.0.1",
      "resolved": "https://registry.npmjs.org/concat-map/-/concat-map-0.0.1.tgz",
      "integrity": "sha1-2Klr13/Wjfd5OnMDajug1UBdR3s="
    },
    "core-util-is": {
      "version": "1.0.2",
      "resolved": "https://registry.npmjs.org/core-util-is/-/core-util-is-1.0.2.tgz",
      "integrity": "sha1-tf1UIgqivFq1eqtxQMlAdUUDwac="
    },
    "cross-env": {
      "version": "6.0.3",
      "resolved": "https://registry.npmjs.org/cross-env/-/cross-env-6.0.3.tgz",
      "integrity": "sha512-+KqxF6LCvfhWvADcDPqo64yVIB31gv/jQulX2NGzKS/g3GEVz6/pt4wjHFtFWsHMddebWD/sDthJemzM4MaAag==",
      "requires": {
        "cross-spawn": "^7.0.0"
      }
    },
    "cross-spawn": {
      "version": "7.0.3",
      "resolved": "https://registry.npmjs.org/cross-spawn/-/cross-spawn-7.0.3.tgz",
      "integrity": "sha512-iRDPJKUPVEND7dHPO8rkbOnPpyDygcDFtWjpeWNCgy8WP2rXcxXL8TskReQl6OrB2G7+UJrags1q15Fudc7G6w==",
      "requires": {
        "path-key": "^3.1.0",
        "shebang-command": "^2.0.0",
        "which": "^2.0.1"
      }
    },
    "cwise-compiler": {
      "version": "1.1.3",
      "resolved": "https://registry.npmjs.org/cwise-compiler/-/cwise-compiler-1.1.3.tgz",
      "integrity": "sha1-9NZnQQ6FDToxOn0tt7HlBbsDTMU=",
      "requires": {
        "uniq": "^1.0.0"
      }
    },
    "dom-kit": {
      "version": "0.3.14",
      "resolved": "https://registry.npmjs.org/dom-kit/-/dom-kit-0.3.14.tgz",
      "integrity": "sha512-9EyEpoTd7G7qYhu71bIne5Pj/VnVlPvVcRGpjmZRTdB3DIkvjS4y5n3Fi2pacPYXvmR4NWtuq7vMtpCAm+SFyQ==",
      "requires": {
        "@cronvel/xmldom": "^0.1.30"
      }
    },
    "doormen": {
      "version": "0.11.1",
      "resolved": "https://registry.npmjs.org/doormen/-/doormen-0.11.1.tgz",
      "integrity": "sha512-tuYEhC106kBTcqbiyYzBfKdmDT9633j8tSeG57La6FZgiHYTGDCx9CQzgRlt81Iotl6ShAdjx4KDUziaaoJAyw==",
      "requires": {
        "string-kit": "^0.11.6",
        "tree-kit": "^0.6.2"
      }
    },
    "exec-kit": {
      "version": "0.1.0",
      "resolved": "https://registry.npmjs.org/exec-kit/-/exec-kit-0.1.0.tgz",
      "integrity": "sha512-OVoCzGZHzHZ7ubkvZtA1jIDJCeH6F/kzI0Fe5n52E302Lqgqfcph4Q8CmkMGhaO93I+Xg1JUq6DId9uoTBniyw==",
      "requires": {
        "seventh": "^0.7.35"
      }
    },
    "exm": {
      "version": "0.3.5",
      "resolved": "https://registry.npmjs.org/exm/-/exm-0.3.5.tgz",
      "integrity": "sha512-3lbzLJCmeDfnmzNrTk/TuxAmKzWRQVUv5iA+ftOK0cg43FRAmlP7+it9l37r9DegwEEvQZPOU96/in0WTGoJrQ==",
      "requires": {
        "exec-kit": "^0.1.0",
        "fs-kit": "^0.5.0",
        "lazyness": "^1.2.0",
        "utterminal": "^0.5.42"
      },
      "dependencies": {
        "fs-kit": {
          "version": "0.5.1",
          "resolved": "https://registry.npmjs.org/fs-kit/-/fs-kit-0.5.1.tgz",
          "integrity": "sha512-GNMgjOzjqP1+pz4luqrVCxX+JUg688TI42JciawfQlq/sNgPRi1o/kPj2ArXzvR7ff2e/fJ3O0rKFszkTSXJpw==",
          "requires": {
            "glob": "^7.1.6",
            "ncp": "^2.0.0",
            "rimraf": "^3.0.0",
            "seventh": "^0.7.30",
            "tmp": "^0.1.0",
            "touch": "^3.1.0"
          }
        }
      }
    },
    "fs-kit": {
      "version": "0.6.0",
      "resolved": "https://registry.npmjs.org/fs-kit/-/fs-kit-0.6.0.tgz",
      "integrity": "sha512-A/EwxnJnmViKge7r3QhvYV5TzgPj4vlwMG9f/zIHGQo6GPf21r9XWXQ4d0d259co0l3/yi7XLn2JDD8132cDxA==",
      "requires": {
        "glob": "^7.1.6",
        "ncp": "^2.0.0",
        "rimraf": "^3.0.0",
        "seventh": "^0.7.30",
        "tmp": "^0.1.0",
        "touch": "^3.1.0"
      }
    },
    "fs.realpath": {
      "version": "1.0.0",
      "resolved": "https://registry.npmjs.org/fs.realpath/-/fs.realpath-1.0.0.tgz",
      "integrity": "sha1-FQStJSMVjKpA20onh8sBQRmU6k8="
    },
    "glob": {
      "version": "7.1.6",
      "resolved": "https://registry.npmjs.org/glob/-/glob-7.1.6.tgz",
      "integrity": "sha512-LwaxwyZ72Lk7vZINtNNrywX0ZuLyStrdDtabefZKAY5ZGJhVtgdznluResxNmPitE0SAO+O26sWTHeKSI2wMBA==",
      "requires": {
        "fs.realpath": "^1.0.0",
        "inflight": "^1.0.4",
        "inherits": "2",
        "minimatch": "^3.0.4",
        "once": "^1.3.0",
        "path-is-absolute": "^1.0.0"
      }
    },
    "hash-kit": {
      "version": "0.3.9",
      "resolved": "https://registry.npmjs.org/hash-kit/-/hash-kit-0.3.9.tgz",
      "integrity": "sha512-egyU97+2qjtOvygOYYkJCqinI9W6A5G3q81hS90PaOMiN23Ek/GYQtQMTasFahGBEnunBJCXjX6ODmSiqywnRg==",
      "requires": {
        "json-kit": "^0.6.5"
      }
    },
    "inflight": {
      "version": "1.0.6",
      "resolved": "https://registry.npmjs.org/inflight/-/inflight-1.0.6.tgz",
      "integrity": "sha1-Sb1jMdfQLQwJvJEKEHW6gWW1bfk=",
      "requires": {
        "once": "^1.3.0",
        "wrappy": "1"
      }
    },
    "inherits": {
      "version": "2.0.3",
      "resolved": "https://registry.npmjs.org/inherits/-/inherits-2.0.3.tgz",
      "integrity": "sha1-Yzwsg+PaQqUC9SRmAiSA9CCCYd4="
    },
    "iota-array": {
      "version": "1.0.0",
      "resolved": "https://registry.npmjs.org/iota-array/-/iota-array-1.0.0.tgz",
      "integrity": "sha1-ge9X/l0FgUzVjCSDYyqZwwoOgIc="
    },
    "is-buffer": {
      "version": "1.1.6",
      "resolved": "https://registry.npmjs.org/is-buffer/-/is-buffer-1.1.6.tgz",
      "integrity": "sha512-NcdALwpXkTm5Zvvbk7owOUSvVvBKDgKP5/ewfXEznmQFfs4ZRmanOeKBTjRVjka3QFoN6XJ+9F3USqfHqTaU5w=="
    },
    "isarray": {
      "version": "0.0.1",
      "resolved": "https://registry.npmjs.org/isarray/-/isarray-0.0.1.tgz",
      "integrity": "sha1-ihis/Kmo9Bd+Cav8YDiTmwXR7t8="
    },
    "isexe": {
      "version": "2.0.0",
      "resolved": "https://registry.npmjs.org/isexe/-/isexe-2.0.0.tgz",
      "integrity": "sha1-6PvzdNxVb/iUehDcsFctYz8s+hA="
    },
    "jpeg-js": {
      "version": "0.4.2",
      "resolved": "https://registry.npmjs.org/jpeg-js/-/jpeg-js-0.4.2.tgz",
      "integrity": "sha512-+az2gi/hvex7eLTMTlbRLOhH6P6WFdk2ITI8HJsaH2VqYO0I594zXSYEP+tf4FW+8Cy68ScDXoAsQdyQanv3sw=="
    },
    "jsbindat": {
      "version": "0.10.1",
      "resolved": "https://registry.npmjs.org/jsbindat/-/jsbindat-0.10.1.tgz",
      "integrity": "sha512-hoMM/oqj6DSkZscFIZHNoOA0tXOJtk2n2helMwS3TH+oIyZJ9qKRQ4NF4OHtX1JbD5fFyx7ZyrfYO7MsmFxBoQ==",
      "requires": {
        "stream-kit": "^0.2.8"
      }
    },
    "json-kit": {
      "version": "0.6.5",
      "resolved": "https://registry.npmjs.org/json-kit/-/json-kit-0.6.5.tgz",
      "integrity": "sha512-fr+YEWotKv9SH53VatsXByw5BScwADGXU3QnXHppYXBsEULXp3VajGZh8FcgPMaeeAuueXprbMwfmLkmWe8UeQ==",
      "requires": {
        "smart-preprocessor": "^0.3.4"
      }
    },
    "kung-fig": {
      "version": "0.54.2",
      "resolved": "https://registry.npmjs.org/kung-fig/-/kung-fig-0.54.2.tgz",
      "integrity": "sha512-QbCEjFAQmHaxoPbp0Us3YN2mHyYHNF++UnAlAA/z3asnR7jSo7Q5MzdB4AbKaluHNDTTKG4h9jqsarkaenA+3Q==",
      "requires": {
        "glob": "^7.1.6",
        "hash-kit": "^0.3.9",
        "kung-fig-common": "^0.42.1",
        "kung-fig-dynamic": "^0.41.13",
        "kung-fig-dynamic-instance": "^0.42.4",
        "kung-fig-expression": "^0.45.3",
        "kung-fig-ref": "^0.42.9",
        "kung-fig-template": "^0.47.0",
        "kung-fig-tree-ops": "^0.45.5",
        "seventh": "^0.7.36",
        "string-kit": "^0.11.8",
        "tree-kit": "^0.6.2"
      }
    },
    "kung-fig-common": {
      "version": "0.42.1",
      "resolved": "https://registry.npmjs.org/kung-fig-common/-/kung-fig-common-0.42.1.tgz",
      "integrity": "sha512-2ColQsw3Fz//t/tMm3H9iQacnuJtBu9NRJ+QfpZw6JXx2BBlmh9kVYiA/0cib3sGO8hvROvJ7t/nc2b1gMXysQ=="
    },
    "kung-fig-dynamic": {
      "version": "0.41.13",
      "resolved": "https://registry.npmjs.org/kung-fig-dynamic/-/kung-fig-dynamic-0.41.13.tgz",
      "integrity": "sha512-CU8AUnEwFqK6l0W8yasJcTQWglRLCoWXdUOdrLYp2vl7+UArFELhujKbVtG902I7ak2pq/nSHTFbEdBzhAUGoA=="
    },
    "kung-fig-dynamic-instance": {
      "version": "0.42.4",
      "resolved": "https://registry.npmjs.org/kung-fig-dynamic-instance/-/kung-fig-dynamic-instance-0.42.4.tgz",
      "integrity": "sha512-DxSXVP9gxXMq4u5IJRxokuLObcyheRswO+Rm4MsjYcJ88in7KG7+3UtFrM08eiXijDW0XhG2gvp9Cp4Szqd+Ww==",
      "requires": {
        "kung-fig-dynamic": "^0.41.13"
      }
    },
    "kung-fig-expression": {
      "version": "0.45.4",
      "resolved": "https://registry.npmjs.org/kung-fig-expression/-/kung-fig-expression-0.45.4.tgz",
      "integrity": "sha512-+7zEavisCPb06F+ok5LbRSmV1QTZ7yJDTVUdjw6XyqVvVb4fdjJnhj5hfdZmD+ajFnVVg3ifTZXhSXTtvUQeWQ==",
      "requires": {
        "kung-fig-common": "^0.42.1",
        "kung-fig-dynamic": "^0.41.13",
        "kung-fig-ref": "^0.42.9"
      }
    },
    "kung-fig-ref": {
      "version": "0.42.9",
      "resolved": "https://registry.npmjs.org/kung-fig-ref/-/kung-fig-ref-0.42.9.tgz",
      "integrity": "sha512-TJIEWZz91d6mSzYkFrmg+0ARQ+xIJmsAId+Ms/xo20iahWpH0TSVkP47uumMbFjjG1fi7SEcWV5O+Ar7nbQBbw==",
      "requires": {
        "kung-fig-common": "^0.42.1",
        "kung-fig-dynamic": "^0.41.13"
      }
    },
    "kung-fig-template": {
      "version": "0.47.0",
      "resolved": "https://registry.npmjs.org/kung-fig-template/-/kung-fig-template-0.47.0.tgz",
      "integrity": "sha512-E2hahVKI83XmcAzHINNFgr1FH00MKeXYvlMPuXHZxrY3GTH42I1c57UdZch7evsCq+1+b7lhMEHuZXfSaWhCiw==",
      "requires": {
        "babel-tower": "^0.20.0",
        "kung-fig-common": "^0.42.1"
      }
    },
    "kung-fig-tree-ops": {
      "version": "0.45.5",
      "resolved": "https://registry.npmjs.org/kung-fig-tree-ops/-/kung-fig-tree-ops-0.45.5.tgz",
      "integrity": "sha512-zg84N0uBU/c4nT2gSWuAR5Ca2Q6viubiha178swTxxjpXYgehQkHXpr1ZRJXKl3iJ6pWsuGWaQfTEgbdTxRG8w=="
    },
    "lazyness": {
      "version": "1.2.0",
      "resolved": "https://registry.npmjs.org/lazyness/-/lazyness-1.2.0.tgz",
      "integrity": "sha512-KenL6EFbwxBwRxG93t0gcUyi0Nw0Ub31FJKN1laA4UscdkL1K1AxUd0gYZdcLU3v+x+wcFi4uQKS5hL+fk500g=="
    },
    "logfella": {
      "version": "1.3.9",
      "resolved": "https://registry.npmjs.org/logfella/-/logfella-1.3.9.tgz",
      "integrity": "sha512-LwaqN7lsGRj0AXp6Kde2R2OAh2Kz6aMBnEsjFGq8LRv+ig6KjJTHOc8T3BTK7u3ogGqkb+Da1E/8/xIh1Nmx2g==",
      "requires": {
        "kung-fig-tree-ops": "^0.45.5",
        "logfella-common-transport": "^1.0.1",
        "seventh": "^0.7.35",
        "string-kit": "^0.11.8",
        "tree-kit": "^0.6.2"
      }
    },
    "logfella-common-transport": {
      "version": "1.0.1",
      "resolved": "https://registry.npmjs.org/logfella-common-transport/-/logfella-common-transport-1.0.1.tgz",
      "integrity": "sha512-vYZdCv6qWqByx/g8xGsDIzcaylRScReVaacNeMsNo2ic124fEDLtIdVJapSwAzfpRLAHawkm08czqdSQcsmXmg=="
    },
    "math-kit": {
      "version": "0.13.0",
      "resolved": "https://registry.npmjs.org/math-kit/-/math-kit-0.13.0.tgz",
      "integrity": "sha512-n1irWpkyFQ6anNBNRaI+VcVoe2Lq7Dno2yi/gdC+VnyMhcFvTxDGF0Sw9WCXlsP0RRPok6tBEqrnr0mOdLmPQA=="
    },
    "minimatch": {
      "version": "3.0.4",
      "resolved": "https://registry.npmjs.org/minimatch/-/minimatch-3.0.4.tgz",
      "integrity": "sha512-yJHVQEhyqPLUTgt9B83PXu6W3rx4MvvHvSUvToogpwoGDOUQ+yDrR0HRot+yOCdCO7u4hX3pWft6kWBBcqh0UA==",
      "requires": {
        "brace-expansion": "^1.1.7"
      }
    },
    "minimist": {
      "version": "1.2.5",
      "resolved": "https://registry.npmjs.org/minimist/-/minimist-1.2.5.tgz",
      "integrity": "sha512-FM9nNUYrRBAELZQT3xeZQ7fmMOBg6nWNmJKTcgsJeaLstP/UODVpGsr5OhXhhXg6f+qtJ8uiZ+PUxkDWcgIXLw=="
    },
    "ncp": {
      "version": "2.0.0",
      "resolved": "https://registry.npmjs.org/ncp/-/ncp-2.0.0.tgz",
      "integrity": "sha1-GVoh1sRuNh0vsSgbo4uR6d9727M="
    },
    "ndarray": {
      "version": "1.0.19",
      "resolved": "https://registry.npmjs.org/ndarray/-/ndarray-1.0.19.tgz",
      "integrity": "sha512-B4JHA4vdyZU30ELBw3g7/p9bZupyew5a7tX1Y/gGeF2hafrPaQZhgrGQfsvgfYbgdFZjYwuEcnaobeM/WMW+HQ==",
      "requires": {
        "iota-array": "^1.0.0",
        "is-buffer": "^1.0.2"
      }
    },
    "ndarray-pack": {
      "version": "1.2.1",
      "resolved": "https://registry.npmjs.org/ndarray-pack/-/ndarray-pack-1.2.1.tgz",
      "integrity": "sha1-jK6+qqJNXs9w/4YCBjeXfajuWFo=",
      "requires": {
        "cwise-compiler": "^1.1.2",
        "ndarray": "^1.0.13"
      }
    },
    "nextgen-events": {
      "version": "1.3.3",
      "resolved": "https://registry.npmjs.org/nextgen-events/-/nextgen-events-1.3.3.tgz",
      "integrity": "sha512-5h9U7had+Q+a95Rwgu4JL6otqXs3y4474g7ruQtd8TAsoG6ycvjccnuLxhXEv32/HOKTC09K+HkbFaITIexLkg=="
    },
    "node-bitmap": {
      "version": "0.0.1",
      "resolved": "https://registry.npmjs.org/node-bitmap/-/node-bitmap-0.0.1.tgz",
      "integrity": "sha1-GA6scAPgxwdhjvMTaPYvhLKmkJE="
    },
    "nomi-ninja": {
      "version": "0.2.1",
      "resolved": "https://registry.npmjs.org/nomi-ninja/-/nomi-ninja-0.2.1.tgz",
      "integrity": "sha512-znSyNHNk5BAN8L1/rJ4XdHxHsIf0oBZF9LSKJImCJxufWnumTjc9k1J+P4Y2qw6eJEU9g005DzZfyKidvycJuQ==",
      "requires": {
        "doormen": "^0.11.1",
        "kung-fig": "^0.54.2",
        "math-kit": "^0.13.0",
        "minimist": "^1.2.5",
        "string-kit": "^0.11.8",
        "tree-kit": "^0.6.2"
      }
    },
    "nopt": {
      "version": "1.0.10",
      "resolved": "https://registry.npmjs.org/nopt/-/nopt-1.0.10.tgz",
      "integrity": "sha1-bd0hvSoxQXuScn3Vhfim83YI6+4=",
      "requires": {
        "abbrev": "1"
      }
    },
    "nwmatcher": {
      "version": "1.4.4",
      "resolved": "https://registry.npmjs.org/nwmatcher/-/nwmatcher-1.4.4.tgz",
      "integrity": "sha512-3iuY4N5dhgMpCUrOVnuAdGrgxVqV2cJpM+XNccjR2DKOB1RUP0aA+wGXEiNziG/UKboFyGBIoKOaNlJxx8bciQ=="
    },
    "omggif": {
      "version": "1.0.10",
      "resolved": "https://registry.npmjs.org/omggif/-/omggif-1.0.10.tgz",
      "integrity": "sha512-LMJTtvgc/nugXj0Vcrrs68Mn2D1r0zf630VNtqtpI1FEO7e+O9FP4gqs9AcnBaSEeoHIPm28u6qgPR0oyEpGSw=="
    },
    "once": {
      "version": "1.4.0",
      "resolved": "https://registry.npmjs.org/once/-/once-1.4.0.tgz",
      "integrity": "sha1-WDsap3WWHUsROsF9nFC6753Xa9E=",
      "requires": {
        "wrappy": "1"
      }
    },
    "path-is-absolute": {
      "version": "1.0.1",
      "resolved": "https://registry.npmjs.org/path-is-absolute/-/path-is-absolute-1.0.1.tgz",
      "integrity": "sha1-F0uSaHNVNP+8es5r9TpanhtcX18="
    },
    "path-key": {
      "version": "3.1.1",
      "resolved": "https://registry.npmjs.org/path-key/-/path-key-3.1.1.tgz",
      "integrity": "sha512-ojmeN0qd+y0jszEtoY48r0Peq5dwMEkIlCOu6Q5f41lfkswXuKtYrhgoTpLnyIcHm24Uhqx+5Tqm2InSwLhE6Q=="
    },
    "pngjs": {
      "version": "5.0.0",
      "resolved": "https://registry.npmjs.org/pngjs/-/pngjs-5.0.0.tgz",
      "integrity": "sha512-40QW5YalBNfQo5yRYmiw7Yz6TKKVr3h6970B2YE+3fQpsWcrbj1PzJgxeJ19DRQjhMbKPIuMY8rFaXc8moolVw=="
    },
    "qs-kit": {
      "version": "0.6.5",
      "resolved": "https://registry.npmjs.org/qs-kit/-/qs-kit-0.6.5.tgz",
      "integrity": "sha512-TnOiJynpxf95t6b+FwinhJja3ByHq9orpeiBoCQ7vLo8j6BdVWw/QuNIpa5Xxao/nSiRhfLFedThacZbaH9fZA==",
      "requires": {
        "tree-kit": "^0.6.2"
      }
    },
    "readable-stream": {
      "version": "1.1.14",
      "resolved": "https://registry.npmjs.org/readable-stream/-/readable-stream-1.1.14.tgz",
      "integrity": "sha1-fPTFTvZI44EwhMY23SB54WbAgdk=",
      "requires": {
        "core-util-is": "~1.0.0",
        "inherits": "~2.0.1",
        "isarray": "0.0.1",
        "string_decoder": "~0.10.x"
      }
    },
    "rimraf": {
      "version": "3.0.2",
      "resolved": "https://registry.npmjs.org/rimraf/-/rimraf-3.0.2.tgz",
      "integrity": "sha512-JZkJMZkAGFFPP2YqXZXPbMlMBgsxzE8ILs4lMIX/2o0L9UBw9O/Y3o6wFw/i9YLapcUJWwqbi3kdxIPdC62TIA==",
      "requires": {
        "glob": "^7.1.3"
      }
    },
    "semver": {
      "version": "7.3.2",
      "resolved": "https://registry.npmjs.org/semver/-/semver-7.3.2.tgz",
      "integrity": "sha512-OrOb32TeeambH6UrhtShmF7CRDqhL6/5XpPNp2DuRH6+9QLw/orhp72j87v8Qa1ScDkvrrBNpZcDejAirJmfXQ=="
    },
    "server-kit": {
      "version": "0.9.34",
      "resolved": "https://registry.npmjs.org/server-kit/-/server-kit-0.9.34.tgz",
      "integrity": "sha512-cOorOpG7TQICtOl+6aB51w93mb+q1smuwEGOLnof+lqtHln6SpbG1XWpjctjiGqK8qVx4J0Tncb4BYqkFTbw5g==",
      "requires": {
        "hash-kit": "^0.3.9",
        "lazyness": "^1.2.0",
        "logfella": "^1.3.9",
        "nextgen-events": "^1.3.0",
        "qs-kit": "^0.6.5",
        "server-kit-dicer": "^0.4.0",
        "seventh": "^0.7.35",
        "ws": "^7.3.1"
      }
    },
    "server-kit-dicer": {
      "version": "0.4.0",
      "resolved": "https://registry.npmjs.org/server-kit-dicer/-/server-kit-dicer-0.4.0.tgz",
      "integrity": "sha1-7zdo38UUMnvBHrRj21rA++ivF54=",
      "requires": {
        "readable-stream": "1.1.x",
        "streamsearch": "0.1.2"
      }
    },
    "setimmediate": {
      "version": "1.0.5",
      "resolved": "https://registry.npmjs.org/setimmediate/-/setimmediate-1.0.5.tgz",
      "integrity": "sha1-KQy7Iy4waULX1+qbg3Mqt4VvgoU="
    },
    "seventh": {
      "version": "0.7.36",
      "resolved": "https://registry.npmjs.org/seventh/-/seventh-0.7.36.tgz",
      "integrity": "sha512-JeOf8Xybc1QeKhb0Hrj4w9WWYpmgGrjhvV48f0Ap/K2jra1TAnVYvKuJfpW01YFuRtwan6Jc3dN6t1JJrIPxcQ==",
      "requires": {
        "setimmediate": "^1.0.5"
      }
    },
    "shebang-command": {
      "version": "2.0.0",
      "resolved": "https://registry.npmjs.org/shebang-command/-/shebang-command-2.0.0.tgz",
      "integrity": "sha512-kHxr2zZpYtdmrN1qDjrrX/Z1rR1kG8Dx+gkpK1G4eXmvXswmcE1hTWBWYUzlraYw1/yZp6YuDY77YtvbN0dmDA==",
      "requires": {
        "shebang-regex": "^3.0.0"
      }
    },
    "shebang-regex": {
      "version": "3.0.0",
      "resolved": "https://registry.npmjs.org/shebang-regex/-/shebang-regex-3.0.0.tgz",
      "integrity": "sha512-7++dFhtcx3353uBaq8DDR4NuxBetBzC7ZQOhmTQInHEd6bSrXdiEyzCvG07Z44UYdLShWUyXt5M/yhz8ekcb1A=="
    },
    "smart-preprocessor": {
      "version": "0.3.4",
      "resolved": "https://registry.npmjs.org/smart-preprocessor/-/smart-preprocessor-0.3.4.tgz",
      "integrity": "sha512-C5s6iF/BQSu0NE0K1bDr2nkITInak3xMLI7EAANNGXghTwvoESVz+zRDejBvXObun8DJDStKgcMxQn9ZbYOjcA==",
      "requires": {
        "minimist": "^1.2.5"
      }
    },
    "spellcast-shared": {
      "version": "0.50.7",
      "resolved": "https://registry.npmjs.org/spellcast-shared/-/spellcast-shared-0.50.7.tgz",
      "integrity": "sha512-g3Pep5mf568MEo5HsBASh3eHPbcVPlLFRuB0wLfzjKU5ttQjbeYDExoPQDcFTzSshLw4KwBVjc+i5cWUIpjJ0w==",
      "requires": {
        "kung-fig-expression": "^0.45.3"
      }
    },
    "stream-kit": {
      "version": "0.2.8",
      "resolved": "https://registry.npmjs.org/stream-kit/-/stream-kit-0.2.8.tgz",
      "integrity": "sha512-1b9bK9I/Ep08OvrYTuE579TKRhjmPPG9j2XP1vpO3dQJ2asLjMj+p+eIqyMGcHCmfTpAzB1kRwsTW+mz9JIBTw==",
      "requires": {
        "seventh": "^0.6.4"
      },
      "dependencies": {
        "seventh": {
          "version": "0.6.5",
          "resolved": "https://registry.npmjs.org/seventh/-/seventh-0.6.5.tgz",
          "integrity": "sha512-Lzvav4xsnamjD9anfsMjjTv8+t8wO/mtvcAiZnXfN95G/6Gc3C2SWXzkxtsVxts2mnnNzHRPfKZdHSqX9Kyylg==",
          "requires": {
            "setimmediate": "^1.0.5"
          }
        }
      }
    },
    "streamsearch": {
      "version": "0.1.2",
      "resolved": "https://registry.npmjs.org/streamsearch/-/streamsearch-0.1.2.tgz",
      "integrity": "sha1-gIudDlb8Jz2Am6VzOOkpkZoanxo="
    },
    "string-kit": {
      "version": "0.11.8",
      "resolved": "https://registry.npmjs.org/string-kit/-/string-kit-0.11.8.tgz",
      "integrity": "sha512-lJyXXoptFpgOXL9cWZXtf45jxdbP5qYtaGZsmtFm4CZy9q6wwzvRzQcJiFeLx8I/0RpzBao9WCOGpbyfW2CMWA=="
    },
    "string_decoder": {
      "version": "0.10.31",
      "resolved": "https://registry.npmjs.org/string_decoder/-/string_decoder-0.10.31.tgz",
      "integrity": "sha1-YuIDvEF2bGwoyfyEMB2rHFMQ+pQ="
    },
    "svg-kit": {
      "version": "0.3.0",
      "resolved": "https://registry.npmjs.org/svg-kit/-/svg-kit-0.3.0.tgz",
      "integrity": "sha512-+lqQ8WQp8UD1BlNBeVOawBKpXCBCqdwnEfRiWxG7vI3NBmZ9CBPN/eMmMt2OpJRU8UcZUOrarAjiZV3dZsqWtA==",
      "requires": {
        "@cronvel/xmldom": "^0.1.31",
        "dom-kit": "^0.3.14",
        "minimist": "^1.2.0",
        "seventh": "^0.7.30",
        "string-kit": "^0.10.1",
        "terminal-kit": "^1.31.4"
      },
      "dependencies": {
        "string-kit": {
          "version": "0.10.6",
          "resolved": "https://registry.npmjs.org/string-kit/-/string-kit-0.10.6.tgz",
          "integrity": "sha512-5PqaFt1+4MDletys9wGiAyc7iOdvlhlCEd4RghG9HDJsDM41PoL7CA4nKpQ7Jnj8mc5tJSd75TWnrL0UwnB25Q=="
        }
      }
    },
    "terminal-kit": {
      "version": "1.44.0",
      "resolved": "https://registry.npmjs.org/terminal-kit/-/terminal-kit-1.44.0.tgz",
      "integrity": "sha512-f9RLSA1a1ahx/40NwQ1FoGWz/el7no9RiGX4wMUirmqxJZjwZ09pMZWFWzlHb1yIfk9SnfRD9esGfofu5fF35A==",
      "requires": {
        "@cronvel/get-pixels": "^3.4.0",
        "chroma-js": "^2.1.0",
        "lazyness": "^1.2.0",
        "ndarray": "^1.0.19",
        "nextgen-events": "^1.3.0",
        "seventh": "^0.7.35",
        "string-kit": "^0.11.8",
        "tree-kit": "^0.6.2"
      }
    },
    "tmp": {
      "version": "0.1.0",
      "resolved": "https://registry.npmjs.org/tmp/-/tmp-0.1.0.tgz",
      "integrity": "sha512-J7Z2K08jbGcdA1kkQpJSqLF6T0tdQqpR2pnSUXsIchbPdTI9v3e85cLW0d6WDhwuAleOV71j2xWs8qMPfK7nKw==",
      "requires": {
        "rimraf": "^2.6.3"
      },
      "dependencies": {
        "rimraf": {
          "version": "2.7.1",
          "resolved": "https://registry.npmjs.org/rimraf/-/rimraf-2.7.1.tgz",
          "integrity": "sha512-uWjbaKIK3T1OSVptzX7Nl6PvQ3qAGtKEtVRjRuazjfL3Bx5eI409VZSqgND+4UNnmzLVdPj9FqFJNPqBZFve4w==",
          "requires": {
            "glob": "^7.1.3"
          }
        }
      }
    },
    "touch": {
      "version": "3.1.0",
      "resolved": "https://registry.npmjs.org/touch/-/touch-3.1.0.tgz",
      "integrity": "sha512-WBx8Uy5TLtOSRtIq+M03/sKDrXCLHxwDcquSP2c43Le03/9serjQBIztjRz6FkJez9D/hleyAXTBGLwwZUw9lA==",
      "requires": {
        "nopt": "~1.0.10"
      }
    },
    "tree-kit": {
      "version": "0.6.2",
      "resolved": "https://registry.npmjs.org/tree-kit/-/tree-kit-0.6.2.tgz",
      "integrity": "sha512-95UzJA0EMbFfu5sGUUOoXixQMUGkwu82nGM4lmqLyQl+R4H3FK+lS0nT8TZJ5x7JhSHy+saVn7/AOqh6d+tmOg=="
    },
    "uniq": {
      "version": "1.0.1",
      "resolved": "https://registry.npmjs.org/uniq/-/uniq-1.0.1.tgz",
      "integrity": "sha1-sxxa6CVIRKOoKBVBzisEuGWnNP8="
    },
    "utterminal": {
      "version": "0.5.44",
      "resolved": "https://registry.npmjs.org/utterminal/-/utterminal-0.5.44.tgz",
      "integrity": "sha512-WDuQoqLuaLfIamzOqxNqH9gB43UGmYYZItmAb66ddesPOXzGGD2w2lJf5jQ4D8qQI1iUp7y9PQNGAV1EW4pQ/g==",
      "requires": {
        "lazyness": "^1.2.0",
        "string-kit": "^0.11.8",
        "terminal-kit": "^1.42.0",
        "tree-kit": "^0.6.2"
      }
    },
    "which": {
      "version": "2.0.2",
      "resolved": "https://registry.npmjs.org/which/-/which-2.0.2.tgz",
      "integrity": "sha512-BLI3Tl1TW3Pvl70l3yq3Y64i+awpwXqsGBYWkkqMtnbXgrMD+yj7rhW0kuEDxzJaYXGjEW5ogapKNMEKNMjibA==",
      "requires": {
        "isexe": "^2.0.0"
      }
    },
    "wrappy": {
      "version": "1.0.2",
      "resolved": "https://registry.npmjs.org/wrappy/-/wrappy-1.0.2.tgz",
      "integrity": "sha1-tSQ9jz7BqjXxNkYFvA0QNuMKtp8="
    },
    "ws": {
      "version": "7.3.1",
      "resolved": "https://registry.npmjs.org/ws/-/ws-7.3.1.tgz",
      "integrity": "sha512-D3RuNkynyHmEJIpD2qrgVkc9DQ23OrN/moAwZX4L8DfvszsJxpjQuUq3LMx6HoYji9fbIOBY18XWBsAux1ZZUA=="
    }
  }
}
